
Microsoft Visual Studio Solution File, Format Version 12.00
# Visual Studio Version 17
VisualStudioVersion = 17.9.34723.18
MinimumVisualStudioVersion = 10.0.40219.1
Project("{FAE04EC0-301F-11D3-BF4B-00C04F79EFBC}") = "Cambios", "Cambios\Cambios.csproj", "{1C677158-6382-4DE5-BD89-7D4966C037B2}"
EndProject
Global
	GlobalSection(SolutionConfigurationPlatforms) = preSolution
		Debug|Any CPU = Debug|Any CPU
		Release|Any CPU = Release|Any CPU
	EndGlobalSection
	GlobalSection(ProjectConfigurationPlatforms) = postSolution
		{1C677158-6382-4DE5-BD89-7D4966C037B2}.Debug|Any CPU.ActiveCfg = Debug|Any CPU
		{1C677158-6382-4DE5-BD89-7D4966C037B2}.Debug|Any CPU.Build.0 = Debug|Any CPU
		{1C677158-6382-4DE5-BD89-7D4966C037B2}.Release|Any CPU.ActiveCfg = Release|Any CPU
		{1C677158-6382-4DE5-BD89-7D4966C037B2}.Release|Any CPU.Build.0 = Release|Any CPU
	EndGlobalSection
	GlobalSection(SolutionProperties) = preSolution
		HideSolutionNode = FALSE
	EndGlobalSection
	GlobalSection(ExtensibilityGlobals) = postSolution
		SolutionGuid = {303F678A-7FB3-436E-8162-1A9FB342F8E9}
	EndGlobalSection
EndGlobal
